
Microsoft Visual Studio Solution File, Format Version 12.00
# Visual Studio Version 17
VisualStudioVersion = 17.14.36414.22
MinimumVisualStudioVersion = 10.0.40219.1
Project("{FAE04EC0-301F-11D3-BF4B-00C04F79EFBC}") = "PapisPowerPracticeApi", "PapisPowerPracticeApi\PapisPowerPracticeApi.csproj", "{FF047CC6-9CCB-F002-2145-1A088C65CB1C}"
EndProject
Project("{FAE04EC0-301F-11D3-BF4B-00C04F79EFBC}") = "PapisPowerPracticeApi.Tests", "PapisPowerPracticeApi.Tests\PapisPowerPracticeApi.Tests.csproj", "{CFB03C95-17AB-9FE5-C07C-078B87A47F32}"
EndProject
Project("{FAE04EC0-301F-11D3-BF4B-00C04F79EFBC}") = "PapisPowerPracticeApi.test", "PapisPowerPracticeApi.test\PapisPowerPracticeApi.test.csproj", "{A6556F6C-BBAD-4B0E-9B6B-021E32E7C5F5}"
EndProject
Global
	GlobalSection(SolutionConfigurationPlatforms) = preSolution
		Debug|Any CPU = Debug|Any CPU
		Release|Any CPU = Release|Any CPU
	EndGlobalSection
	GlobalSection(ProjectConfigurationPlatforms) = postSolution
		{FF047CC6-9CCB-F002-2145-1A088C65CB1C}.Debug|Any CPU.ActiveCfg = Debug|Any CPU
		{FF047CC6-9CCB-F002-2145-1A088C65CB1C}.Debug|Any CPU.Build.0 = Debug|Any CPU
		{FF047CC6-9CCB-F002-2145-1A088C65CB1C}.Release|Any CPU.ActiveCfg = Release|Any CPU
		{FF047CC6-9CCB-F002-2145-1A088C65CB1C}.Release|Any CPU.Build.0 = Release|Any CPU
		{CFB03C95-17AB-9FE5-C07C-078B87A47F32}.Debug|Any CPU.ActiveCfg = Debug|Any CPU
		{CFB03C95-17AB-9FE5-C07C-078B87A47F32}.Debug|Any CPU.Build.0 = Debug|Any CPU
		{CFB03C95-17AB-9FE5-C07C-078B87A47F32}.Release|Any CPU.ActiveCfg = Release|Any CPU
		{CFB03C95-17AB-9FE5-C07C-078B87A47F32}.Release|Any CPU.Build.0 = Release|Any CPU
		{A6556F6C-BBAD-4B0E-9B6B-021E32E7C5F5}.Debug|Any CPU.ActiveCfg = Debug|Any CPU
		{A6556F6C-BBAD-4B0E-9B6B-021E32E7C5F5}.Debug|Any CPU.Build.0 = Debug|Any CPU
		{A6556F6C-BBAD-4B0E-9B6B-021E32E7C5F5}.Release|Any CPU.ActiveCfg = Release|Any CPU
		{A6556F6C-BBAD-4B0E-9B6B-021E32E7C5F5}.Release|Any CPU.Build.0 = Release|Any CPU
	EndGlobalSection
	GlobalSection(SolutionProperties) = preSolution
		HideSolutionNode = FALSE
	EndGlobalSection
	GlobalSection(ExtensibilityGlobals) = postSolution
		SolutionGuid = {D1CD6075-9C50-47E8-948C-3FEFFAFF06EF}
	EndGlobalSection
EndGlobal
